[[package]]
name = "argparse"
version = "0.2.1"
source = "registry+https://github.com/rust-lang/crates.io-index"

[[package]]
name = "colored"
version = "1.6.0"
source = "registry+https://github.com/rust-lang/crates.io-index"
dependencies = [
 "lazy_static 0.2.11 (registry+https://github.com/rust-lang/crates.io-index)",
]

[[package]]
name = "dtoa"
version = "0.4.2"
source = "registry+https://github.com/rust-lang/crates.io-index"

[[package]]
name = "itoa"
version = "0.4.1"
source = "registry+https://github.com/rust-lang/crates.io-index"

[[package]]
name = "lazy_static"
version = "0.2.11"
source = "registry+https://github.com/rust-lang/crates.io-index"

[[package]]
name = "linked-hash-map"
version = "0.5.1"
source = "registry+https://github.com/rust-lang/crates.io-index"

[[package]]
name = "mediawiki_parser"
version = "0.3.1"
source = "registry+https://github.com/rust-lang/crates.io-index"
dependencies = [
 "argparse 0.2.1 (registry+https://github.com/rust-lang/crates.io-index)",
 "colored 1.6.0 (registry+https://github.com/rust-lang/crates.io-index)",
 "peg 0.5.4 (registry+https://github.com/rust-lang/crates.io-index)",
 "serde 1.0.47 (registry+https://github.com/rust-lang/crates.io-index)",
 "serde_derive 1.0.47 (registry+https://github.com/rust-lang/crates.io-index)",
 "serde_yaml 0.7.4 (registry+https://github.com/rust-lang/crates.io-index)",
]

[[package]]
name = "mfnf_export"
version = "0.1.0"
dependencies = [
 "argparse 0.2.1 (registry+https://github.com/rust-lang/crates.io-index)",
 "colored 1.6.0 (registry+https://github.com/rust-lang/crates.io-index)",
 "mediawiki_parser 0.3.1 (registry+https://github.com/rust-lang/crates.io-index)",
 "mwparser_utils 0.1.0 (git+https://github.com/vroland/mediawiki-parser-utils)",
 "serde 1.0.47 (registry+https://github.com/rust-lang/crates.io-index)",
 "serde_derive 1.0.47 (registry+https://github.com/rust-lang/crates.io-index)",
 "serde_json 1.0.17 (registry+https://github.com/rust-lang/crates.io-index)",
 "serde_yaml 0.7.4 (registry+https://github.com/rust-lang/crates.io-index)",
 "toml 0.4.6 (registry+https://github.com/rust-lang/crates.io-index)",
]

[[package]]
name = "mwparser_utils"
version = "0.1.0"
source = "git+https://github.com/vroland/mediawiki-parser-utils#318cb5961a8e658e8a36460a9018965543bd8b09"
dependencies = [
 "mediawiki_parser 0.3.1 (registry+https://github.com/rust-lang/crates.io-index)",
 "mwparser_utils_derive 0.1.0 (git+https://github.com/vroland/mediawiki-parser-utils)",
 "serde 1.0.47 (registry+https://github.com/rust-lang/crates.io-index)",
 "serde_derive 1.0.47 (registry+https://github.com/rust-lang/crates.io-index)",
]

[[package]]
name = "mwparser_utils_derive"
version = "0.1.0"
source = "git+https://github.com/vroland/mediawiki-parser-utils#318cb5961a8e658e8a36460a9018965543bd8b09"
dependencies = [
 "proc-macro2 0.3.8 (registry+https://github.com/rust-lang/crates.io-index)",
 "quote 0.5.2 (registry+https://github.com/rust-lang/crates.io-index)",
 "serde 1.0.47 (registry+https://github.com/rust-lang/crates.io-index)",
 "serde_derive 1.0.47 (registry+https://github.com/rust-lang/crates.io-index)",
 "serde_yaml 0.7.4 (registry+https://github.com/rust-lang/crates.io-index)",
 "syn 0.13.7 (registry+https://github.com/rust-lang/crates.io-index)",
]

[[package]]
name = "peg"
version = "0.5.4"
source = "registry+https://github.com/rust-lang/crates.io-index"
dependencies = [
 "quote 0.3.15 (registry+https://github.com/rust-lang/crates.io-index)",
]

[[package]]
name = "proc-macro2"
version = "0.3.8"
source = "registry+https://github.com/rust-lang/crates.io-index"
dependencies = [
 "unicode-xid 0.1.0 (registry+https://github.com/rust-lang/crates.io-index)",
]

[[package]]
name = "quote"
version = "0.3.15"
source = "registry+https://github.com/rust-lang/crates.io-index"

[[package]]
name = "quote"
version = "0.5.2"
source = "registry+https://github.com/rust-lang/crates.io-index"
dependencies = [
 "proc-macro2 0.3.8 (registry+https://github.com/rust-lang/crates.io-index)",
]

[[package]]
name = "serde"
version = "1.0.47"
source = "registry+https://github.com/rust-lang/crates.io-index"

[[package]]
name = "serde_derive"
version = "1.0.47"
source = "registry+https://github.com/rust-lang/crates.io-index"
dependencies = [
 "proc-macro2 0.3.8 (registry+https://github.com/rust-lang/crates.io-index)",
 "quote 0.5.2 (registry+https://github.com/rust-lang/crates.io-index)",
 "syn 0.13.7 (registry+https://github.com/rust-lang/crates.io-index)",
]

[[package]]
name = "serde_json"
version = "1.0.17"
source = "registry+https://github.com/rust-lang/crates.io-index"
dependencies = [
 "dtoa 0.4.2 (registry+https://github.com/rust-lang/crates.io-index)",
 "itoa 0.4.1 (registry+https://github.com/rust-lang/crates.io-index)",
 "serde 1.0.47 (registry+https://github.com/rust-lang/crates.io-index)",
]

[[package]]
name = "serde_yaml"
version = "0.7.4"
source = "registry+https://github.com/rust-lang/crates.io-index"
dependencies = [
 "dtoa 0.4.2 (registry+https://github.com/rust-lang/crates.io-index)",
 "linked-hash-map 0.5.1 (registry+https://github.com/rust-lang/crates.io-index)",
 "serde 1.0.47 (registry+https://github.com/rust-lang/crates.io-index)",
 "yaml-rust 0.4.0 (registry+https://github.com/rust-lang/crates.io-index)",
]

[[package]]
name = "syn"
version = "0.13.7"
source = "registry+https://github.com/rust-lang/crates.io-index"
dependencies = [
 "proc-macro2 0.3.8 (registry+https://github.com/rust-lang/crates.io-index)",
 "quote 0.5.2 (registry+https://github.com/rust-lang/crates.io-index)",
 "unicode-xid 0.1.0 (registry+https://github.com/rust-lang/crates.io-index)",
]

[[package]]
name = "toml"
version = "0.4.6"
source = "registry+https://github.com/rust-lang/crates.io-index"
dependencies = [
 "serde 1.0.47 (registry+https://github.com/rust-lang/crates.io-index)",
]

[[package]]
name = "unicode-xid"
version = "0.1.0"
source = "registry+https://github.com/rust-lang/crates.io-index"

[[package]]
name = "yaml-rust"
version = "0.4.0"
source = "registry+https://github.com/rust-lang/crates.io-index"
dependencies = [
 "linked-hash-map 0.5.1 (registry+https://github.com/rust-lang/crates.io-index)",
]

[metadata]
"checksum argparse 0.2.1 (registry+https://github.com/rust-lang/crates.io-index)" = "37bb99f5e39ee8b23b6e227f5b8f024207e8616f44aa4b8c76ecd828011667ef"
"checksum colored 1.6.0 (registry+https://github.com/rust-lang/crates.io-index)" = "b0aa3473e85a3161b59845d6096b289bb577874cafeaf75ea1b1beaa6572c7fc"
"checksum dtoa 0.4.2 (registry+https://github.com/rust-lang/crates.io-index)" = "09c3753c3db574d215cba4ea76018483895d7bff25a31b49ba45db21c48e50ab"
"checksum itoa 0.4.1 (registry+https://github.com/rust-lang/crates.io-index)" = "c069bbec61e1ca5a596166e55dfe4773ff745c3d16b700013bcaff9a6df2c682"
"checksum lazy_static 0.2.11 (registry+https://github.com/rust-lang/crates.io-index)" = "76f033c7ad61445c5b347c7382dd1237847eb1bce590fe50365dcb33d546be73"
"checksum linked-hash-map 0.5.1 (registry+https://github.com/rust-lang/crates.io-index)" = "70fb39025bc7cdd76305867c4eccf2f2dcf6e9a57f5b21a93e1c2d86cd03ec9e"
"checksum mediawiki_parser 0.3.1 (registry+https://github.com/rust-lang/crates.io-index)" = "6eacc300aababdce3062cb9a86a150f647e26d977bddcd6f6999e1ea11b54004"
"checksum mwparser_utils 0.1.0 (git+https://github.com/vroland/mediawiki-parser-utils)" = "<none>"
"checksum mwparser_utils_derive 0.1.0 (git+https://github.com/vroland/mediawiki-parser-utils)" = "<none>"
"checksum peg 0.5.4 (registry+https://github.com/rust-lang/crates.io-index)" = "36a474cba42744afe0f223e9d4263594b3387f172e512259c72d2011e477c4fb"
"checksum proc-macro2 0.3.8 (registry+https://github.com/rust-lang/crates.io-index)" = "1b06e2f335f48d24442b35a19df506a835fb3547bc3c06ef27340da9acf5cae7"
"checksum quote 0.3.15 (registry+https://github.com/rust-lang/crates.io-index)" = "7a6e920b65c65f10b2ae65c831a81a073a89edd28c7cce89475bff467ab4167a"
"checksum quote 0.5.2 (registry+https://github.com/rust-lang/crates.io-index)" = "9949cfe66888ffe1d53e6ec9d9f3b70714083854be20fd5e271b232a017401e8"
"checksum serde 1.0.47 (registry+https://github.com/rust-lang/crates.io-index)" = "c9bc5ad5d354bc43e8ba78885f81650e6d4467a55716271b49d7ceeba739e21e"
"checksum serde_derive 1.0.47 (registry+https://github.com/rust-lang/crates.io-index)" = "a0b9c70a763b79f976e7147322d6c523da0705b3d20e57fd764172d0741c50f2"
"checksum serde_json 1.0.17 (registry+https://github.com/rust-lang/crates.io-index)" = "f3ad6d546e765177cf3dded3c2e424a8040f870083a0e64064746b958ece9cb1"
"checksum serde_yaml 0.7.4 (registry+https://github.com/rust-lang/crates.io-index)" = "107bb818146aaf922e7bbcf6a940f1db2f0dcf381779b451e400331b2c6f86db"
"checksum syn 0.13.7 (registry+https://github.com/rust-lang/crates.io-index)" = "61b8f1b737f929c6516ba46a3133fd6d5215ad8a62f66760f851f7048aebedfb"
"checksum toml 0.4.6 (registry+https://github.com/rust-lang/crates.io-index)" = "a0263c6c02c4db6c8f7681f9fd35e90de799ebd4cfdeab77a38f4ff6b3d8c0d9"
"checksum unicode-xid 0.1.0 (registry+https://github.com/rust-lang/crates.io-index)" = "fc72304796d0818e357ead4e000d19c9c174ab23dc11093ac919054d20a6a7fc"
"checksum yaml-rust 0.4.0 (registry+https://github.com/rust-lang/crates.io-index)" = "57ab38ee1a4a266ed033496cf9af1828d8d6e6c1cfa5f643a2809effcae4d628"
